// !$*UTF8*$!
{
	archiveVersion = 1;
	classes = {
	};
	objectVersion = 51;
	objects = {

/* Begin PBXBuildFile section */
		03181A2E2426B1EC005343C4 /* DataService.swift in Sources */ = {isa = PBXBuildFile; fileRef = 03181A2D2426B1EC005343C4 /* DataService.swift */; };
		03181A32242953DB005343C4 /* PurchaseVC.swift in Sources */ = {isa = PBXBuildFile; fileRef = 03181A31242953DA005343C4 /* PurchaseVC.swift */; };
		0322032624242C3D0080145E /* UIProgressViewExtension.swift in Sources */ = {isa = PBXBuildFile; fileRef = 0322032524242C3D0080145E /* UIProgressViewExtension.swift */; };
		561843DE242C2CF700D1CC97 /* GameVC+UI.swift in Sources */ = {isa = PBXBuildFile; fileRef = 561843DD242C2CF700D1CC97 /* GameVC+UI.swift */; };
		561A166C242965C400ECB5ED /* RadialGradient.swift in Sources */ = {isa = PBXBuildFile; fileRef = 561A166B242965C400ECB5ED /* RadialGradient.swift */; };
		5646CEAB24267292001A6CC9 /* CustomizeTVC.swift in Sources */ = {isa = PBXBuildFile; fileRef = 5646CEAA24267292001A6CC9 /* CustomizeTVC.swift */; };
		5679DC0C24228D8A00965598 /* UIImageViewExtension.swift in Sources */ = {isa = PBXBuildFile; fileRef = 5679DC0B24228D8A00965598 /* UIImageViewExtension.swift */; };
		5696D93924267CAA007AC9C1 /* TitleCell.swift in Sources */ = {isa = PBXBuildFile; fileRef = 5696D93824267CAA007AC9C1 /* TitleCell.swift */; };
		5696D93B24267CBE007AC9C1 /* TVCCell.swift in Sources */ = {isa = PBXBuildFile; fileRef = 5696D93A24267CBE007AC9C1 /* TVCCell.swift */; };
		56970CCC24267E210023246D /* ItemCell.swift in Sources */ = {isa = PBXBuildFile; fileRef = 56970CCB24267E210023246D /* ItemCell.swift */; };
		569B0548242BF98000096E43 /* Database.swift in Sources */ = {isa = PBXBuildFile; fileRef = 569B0547242BF98000096E43 /* Database.swift */; };
		569B054A242BFFA300096E43 /* RealmService.swift in Sources */ = {isa = PBXBuildFile; fileRef = 569B0549242BFFA300096E43 /* RealmService.swift */; };
		56C608202426806500F106E0 /* Item.swift in Sources */ = {isa = PBXBuildFile; fileRef = 56C6081F2426806500F106E0 /* Item.swift */; };
		56CD25632421931800D00880 /* AppDelegate.swift in Sources */ = {isa = PBXBuildFile; fileRef = 56CD25622421931800D00880 /* AppDelegate.swift */; };
		56CD25652421931800D00880 /* SceneDelegate.swift in Sources */ = {isa = PBXBuildFile; fileRef = 56CD25642421931800D00880 /* SceneDelegate.swift */; };
		56CD256A2421931800D00880 /* Main.storyboard in Resources */ = {isa = PBXBuildFile; fileRef = 56CD25682421931800D00880 /* Main.storyboard */; };
		56CD256C2421931B00D00880 /* Assets.xcassets in Resources */ = {isa = PBXBuildFile; fileRef = 56CD256B2421931B00D00880 /* Assets.xcassets */; };
		56CD256F2421931B00D00880 /* LaunchScreen.storyboard in Resources */ = {isa = PBXBuildFile; fileRef = 56CD256D2421931B00D00880 /* LaunchScreen.storyboard */; };
		56DC560924242C20003D411A /* UIButton.swift in Sources */ = {isa = PBXBuildFile; fileRef = 56DC560824242C20003D411A /* UIButton.swift */; };
		56DC560B24243A9D003D411A /* UIViewExtension.swift in Sources */ = {isa = PBXBuildFile; fileRef = 56DC560A24243A9D003D411A /* UIViewExtension.swift */; };
		56DC560D24243BE3003D411A /* MenuVC.swift in Sources */ = {isa = PBXBuildFile; fileRef = 56DC560C24243BE3003D411A /* MenuVC.swift */; };
		56E469672424EE2100C0D6FD /* AlertView.swift in Sources */ = {isa = PBXBuildFile; fileRef = 56E469662424EE2100C0D6FD /* AlertView.swift */; };
		56E469692424F52A00C0D6FD /* UIVCExtension.swift in Sources */ = {isa = PBXBuildFile; fileRef = 56E469682424F52A00C0D6FD /* UIVCExtension.swift */; };
		56E4696B242541BB00C0D6FD /* Bungee-Regular.otf in Resources */ = {isa = PBXBuildFile; fileRef = 56E4696A242541BB00C0D6FD /* Bungee-Regular.otf */; };
		56E4696E2425665900C0D6FD /* StoreKit.framework in Frameworks */ = {isa = PBXBuildFile; fileRef = 56E4696D2425665900C0D6FD /* StoreKit.framework */; };
		56F018A32422273E00A816B0 /* GameVC.swift in Sources */ = {isa = PBXBuildFile; fileRef = 56F018A22422273E00A816B0 /* GameVC.swift */; };
		56F018A524222B2500A816B0 /* Base.swift in Sources */ = {isa = PBXBuildFile; fileRef = 56F018A424222B2500A816B0 /* Base.swift */; };
		56F018AC2422856E00A816B0 /* UILabelExtension.swift in Sources */ = {isa = PBXBuildFile; fileRef = 56F018AB2422856E00A816B0 /* UILabelExtension.swift */; };
		D5A5B0C8BAEE5B470ACD18C0 /* Pods_Corona_Clicker.framework in Frameworks */ = {isa = PBXBuildFile; fileRef = 709D1954290C887BF2C65028 /* Pods_Corona_Clicker.framework */; };
/* End PBXBuildFile section */

/* Begin PBXFileReference section */
		03181A2D2426B1EC005343C4 /* DataService.swift */ = {isa = PBXFileReference; lastKnownFileType = sourcecode.swift; path = DataService.swift; sourceTree = "<group>"; };
		03181A31242953DA005343C4 /* PurchaseVC.swift */ = {isa = PBXFileReference; lastKnownFileType = sourcecode.swift; path = PurchaseVC.swift; sourceTree = "<group>"; };
		0322032524242C3D0080145E /* UIProgressViewExtension.swift */ = {isa = PBXFileReference; lastKnownFileType = sourcecode.swift; path = UIProgressViewExtension.swift; sourceTree = "<group>"; };
		561843DD242C2CF700D1CC97 /* GameVC+UI.swift */ = {isa = PBXFileReference; lastKnownFileType = sourcecode.swift; path = "GameVC+UI.swift"; sourceTree = "<group>"; };
		561A166B242965C400ECB5ED /* RadialGradient.swift */ = {isa = PBXFileReference; lastKnownFileType = sourcecode.swift; path = RadialGradient.swift; sourceTree = "<group>"; };
		5646CEAA24267292001A6CC9 /* CustomizeTVC.swift */ = {isa = PBXFileReference; lastKnownFileType = sourcecode.swift; path = CustomizeTVC.swift; sourceTree = "<group>"; };
		5679DC0B24228D8A00965598 /* UIImageViewExtension.swift */ = {isa = PBXFileReference; lastKnownFileType = sourcecode.swift; path = UIImageViewExtension.swift; sourceTree = "<group>"; };
		5696D93824267CAA007AC9C1 /* TitleCell.swift */ = {isa = PBXFileReference; lastKnownFileType = sourcecode.swift; path = TitleCell.swift; sourceTree = "<group>"; };
		5696D93A24267CBE007AC9C1 /* TVCCell.swift */ = {isa = PBXFileReference; lastKnownFileType = sourcecode.swift; path = TVCCell.swift; sourceTree = "<group>"; };
		56970CCB24267E210023246D /* ItemCell.swift */ = {isa = PBXFileReference; lastKnownFileType = sourcecode.swift; path = ItemCell.swift; sourceTree = "<group>"; };
		569B0547242BF98000096E43 /* Database.swift */ = {isa = PBXFileReference; lastKnownFileType = sourcecode.swift; path = Database.swift; sourceTree = "<group>"; };
		569B0549242BFFA300096E43 /* RealmService.swift */ = {isa = PBXFileReference; lastKnownFileType = sourcecode.swift; path = RealmService.swift; sourceTree = "<group>"; };
		56C6081F2426806500F106E0 /* Item.swift */ = {isa = PBXFileReference; lastKnownFileType = sourcecode.swift; path = Item.swift; sourceTree = "<group>"; };
		56CD255F2421931800D00880 /* Corona Clicker.app */ = {isa = PBXFileReference; explicitFileType = wrapper.application; includeInIndex = 0; path = "Corona Clicker.app"; sourceTree = BUILT_PRODUCTS_DIR; };
		56CD25622421931800D00880 /* AppDelegate.swift */ = {isa = PBXFileReference; lastKnownFileType = sourcecode.swift; path = AppDelegate.swift; sourceTree = "<group>"; };
		56CD25642421931800D00880 /* SceneDelegate.swift */ = {isa = PBXFileReference; lastKnownFileType = sourcecode.swift; path = SceneDelegate.swift; sourceTree = "<group>"; };
		56CD25692421931800D00880 /* Base */ = {isa = PBXFileReference; lastKnownFileType = file.storyboard; name = Base; path = Base.lproj/Main.storyboard; sourceTree = "<group>"; };
		56CD256B2421931B00D00880 /* Assets.xcassets */ = {isa = PBXFileReference; lastKnownFileType = folder.assetcatalog; path = Assets.xcassets; sourceTree = "<group>"; };
		56CD256E2421931B00D00880 /* Base */ = {isa = PBXFileReference; lastKnownFileType = file.storyboard; name = Base; path = Base.lproj/LaunchScreen.storyboard; sourceTree = "<group>"; };
		56CD25702421931B00D00880 /* Info.plist */ = {isa = PBXFileReference; lastKnownFileType = text.plist.xml; path = Info.plist; sourceTree = "<group>"; };
		56DC560824242C20003D411A /* UIButton.swift */ = {isa = PBXFileReference; lastKnownFileType = sourcecode.swift; path = UIButton.swift; sourceTree = "<group>"; };
		56DC560A24243A9D003D411A /* UIViewExtension.swift */ = {isa = PBXFileReference; lastKnownFileType = sourcecode.swift; path = UIViewExtension.swift; sourceTree = "<group>"; };
		56DC560C24243BE3003D411A /* MenuVC.swift */ = {isa = PBXFileReference; lastKnownFileType = sourcecode.swift; path = MenuVC.swift; sourceTree = "<group>"; };
		56E469662424EE2100C0D6FD /* AlertView.swift */ = {isa = PBXFileReference; lastKnownFileType = sourcecode.swift; path = AlertView.swift; sourceTree = "<group>"; };
		56E469682424F52A00C0D6FD /* UIVCExtension.swift */ = {isa = PBXFileReference; lastKnownFileType = sourcecode.swift; path = UIVCExtension.swift; sourceTree = "<group>"; };
		56E4696A242541BB00C0D6FD /* Bungee-Regular.otf */ = {isa = PBXFileReference; lastKnownFileType = file; path = "Bungee-Regular.otf"; sourceTree = "<group>"; };
		56E4696D2425665900C0D6FD /* StoreKit.framework */ = {isa = PBXFileReference; lastKnownFileType = wrapper.framework; name = StoreKit.framework; path = System/Library/Frameworks/StoreKit.framework; sourceTree = SDKROOT; };
		56F018A22422273E00A816B0 /* GameVC.swift */ = {isa = PBXFileReference; lastKnownFileType = sourcecode.swift; path = GameVC.swift; sourceTree = "<group>"; };
		56F018A424222B2500A816B0 /* Base.swift */ = {isa = PBXFileReference; lastKnownFileType = sourcecode.swift; path = Base.swift; sourceTree = "<group>"; };
		56F018AB2422856E00A816B0 /* UILabelExtension.swift */ = {isa = PBXFileReference; lastKnownFileType = sourcecode.swift; path = UILabelExtension.swift; sourceTree = "<group>"; };
		709D1954290C887BF2C65028 /* Pods_Corona_Clicker.framework */ = {isa = PBXFileReference; explicitFileType = wrapper.framework; includeInIndex = 0; path = Pods_Corona_Clicker.framework; sourceTree = BUILT_PRODUCTS_DIR; };
		8D981B07557175238D1559A4 /* Pods-Corona Clicker.debug.xcconfig */ = {isa = PBXFileReference; includeInIndex = 1; lastKnownFileType = text.xcconfig; name = "Pods-Corona Clicker.debug.xcconfig"; path = "Target Support Files/Pods-Corona Clicker/Pods-Corona Clicker.debug.xcconfig"; sourceTree = "<group>"; };
		D096470B39B94718C0A7E643 /* Pods-Corona Clicker.release.xcconfig */ = {isa = PBXFileReference; includeInIndex = 1; lastKnownFileType = text.xcconfig; name = "Pods-Corona Clicker.release.xcconfig"; path = "Target Support Files/Pods-Corona Clicker/Pods-Corona Clicker.release.xcconfig"; sourceTree = "<group>"; };
/* End PBXFileReference section */

/* Begin PBXFrameworksBuildPhase section */
		56CD255C2421931800D00880 /* Frameworks */ = {
			isa = PBXFrameworksBuildPhase;
			buildActionMask = 2147483647;
			files = (
				56E4696E2425665900C0D6FD /* StoreKit.framework in Frameworks */,
				D5A5B0C8BAEE5B470ACD18C0 /* Pods_Corona_Clicker.framework in Frameworks */,
			);
			runOnlyForDeploymentPostprocessing = 0;
		};
/* End PBXFrameworksBuildPhase section */

/* Begin PBXGroup section */
		0E4C9E96264FE81643BE3B65 /* Pods */ = {
			isa = PBXGroup;
			children = (
				8D981B07557175238D1559A4 /* Pods-Corona Clicker.debug.xcconfig */,
				D096470B39B94718C0A7E643 /* Pods-Corona Clicker.release.xcconfig */,
			);
			path = Pods;
			sourceTree = "<group>";
		};
		5696D93C24267CC5007AC9C1 /* TVC */ = {
			isa = PBXGroup;
			children = (
				5646CEAA24267292001A6CC9 /* CustomizeTVC.swift */,
				5696D93824267CAA007AC9C1 /* TitleCell.swift */,
				56970CCD24267E260023246D /* Item Collection */,
			);
			path = TVC;
			sourceTree = "<group>";
		};
		56970CCD24267E260023246D /* Item Collection */ = {
			isa = PBXGroup;
			children = (
				5696D93A24267CBE007AC9C1 /* TVCCell.swift */,
				56970CCB24267E210023246D /* ItemCell.swift */,
			);
			path = "Item Collection";
			sourceTree = "<group>";
		};
		569B0546242BF95200096E43 /* Realm */ = {
			isa = PBXGroup;
			children = (
				569B0547242BF98000096E43 /* Database.swift */,
				569B0549242BFFA300096E43 /* RealmService.swift */,
			);
			path = Realm;
			sourceTree = "<group>";
		};
		56CD25562421931800D00880 = {
			isa = PBXGroup;
			children = (
				56CD25612421931800D00880 /* Corona Clicker */,
				56CD25602421931800D00880 /* Products */,
				56E4696C2425665900C0D6FD /* Frameworks */,
				0E4C9E96264FE81643BE3B65 /* Pods */,
			);
			sourceTree = "<group>";
		};
		56CD25602421931800D00880 /* Products */ = {
			isa = PBXGroup;
			children = (
				56CD255F2421931800D00880 /* Corona Clicker.app */,
			);
			name = Products;
			sourceTree = "<group>";
		};
		56CD25612421931800D00880 /* Corona Clicker */ = {
			isa = PBXGroup;
			children = (
				56CD257A242193D300D00880 /* Other */,
				569B0546242BF95200096E43 /* Realm */,
				56F018A82422823000A816B0 /* Extensions */,
				56CD2576242193B100D00880 /* Resources */,
				56CD2577242193BA00D00880 /* Model */,
				56CD2578242193C100D00880 /* View */,
				56CD2579242193C600D00880 /* Controller */,
				56CD25682421931800D00880 /* Main.storyboard */,
				56CD256B2421931B00D00880 /* Assets.xcassets */,
				56CD256D2421931B00D00880 /* LaunchScreen.storyboard */,
				56CD25702421931B00D00880 /* Info.plist */,
			);
			path = "Corona Clicker";
			sourceTree = "<group>";
		};
		56CD2576242193B100D00880 /* Resources */ = {
			isa = PBXGroup;
			children = (
				56E4696A242541BB00C0D6FD /* Bungee-Regular.otf */,
			);
			path = Resources;
			sourceTree = "<group>";
		};
		56CD2577242193BA00D00880 /* Model */ = {
			isa = PBXGroup;
			children = (
				56C6081F2426806500F106E0 /* Item.swift */,
			);
			path = Model;
			sourceTree = "<group>";
		};
		56CD2578242193C100D00880 /* View */ = {
			isa = PBXGroup;
			children = (
				56E469662424EE2100C0D6FD /* AlertView.swift */,
				561A166B242965C400ECB5ED /* RadialGradient.swift */,
			);
			path = View;
			sourceTree = "<group>";
		};
		56CD2579242193C600D00880 /* Controller */ = {
			isa = PBXGroup;
			children = (
				56F018A22422273E00A816B0 /* GameVC.swift */,
				561843DD242C2CF700D1CC97 /* GameVC+UI.swift */,
				03181A31242953DA005343C4 /* PurchaseVC.swift */,
				56DC560C24243BE3003D411A /* MenuVC.swift */,
				5696D93C24267CC5007AC9C1 /* TVC */,
			);
			path = Controller;
			sourceTree = "<group>";
		};
		56CD257A242193D300D00880 /* Other */ = {
			isa = PBXGroup;
			children = (
				56F018A424222B2500A816B0 /* Base.swift */,
				56CD25622421931800D00880 /* AppDelegate.swift */,
				56CD25642421931800D00880 /* SceneDelegate.swift */,
				03181A2D2426B1EC005343C4 /* DataService.swift */,
			);
			path = Other;
			sourceTree = "<group>";
		};
		56E4696C2425665900C0D6FD /* Frameworks */ = {
			isa = PBXGroup;
			children = (
				56E4696D2425665900C0D6FD /* StoreKit.framework */,
				709D1954290C887BF2C65028 /* Pods_Corona_Clicker.framework */,
			);
			name = Frameworks;
			sourceTree = "<group>";
		};
		56F018A82422823000A816B0 /* Extensions */ = {
			isa = PBXGroup;
			children = (
				56F018AB2422856E00A816B0 /* UILabelExtension.swift */,
				5679DC0B24228D8A00965598 /* UIImageViewExtension.swift */,
				56DC560824242C20003D411A /* UIButton.swift */,
				56DC560A24243A9D003D411A /* UIViewExtension.swift */,
				0322032524242C3D0080145E /* UIProgressViewExtension.swift */,
				56E469682424F52A00C0D6FD /* UIVCExtension.swift */,
			);
			path = Extensions;
			sourceTree = "<group>";
		};
/* End PBXGroup section */

/* Begin PBXNativeTarget section */
		56CD255E2421931800D00880 /* Corona Clicker */ = {
			isa = PBXNativeTarget;
			buildConfigurationList = 56CD25732421931B00D00880 /* Build configuration list for PBXNativeTarget "Corona Clicker" */;
			buildPhases = (
				6090FF0E2C268B4469A3CBBE /* [CP] Check Pods Manifest.lock */,
				56CD255B2421931800D00880 /* Sources */,
				56CD255C2421931800D00880 /* Frameworks */,
				56CD255D2421931800D00880 /* Resources */,
				ED5CE54D5A5C59EFE79F88F2 /* [CP] Embed Pods Frameworks */,
			);
			buildRules = (
			);
			dependencies = (
			);
			name = "Corona Clicker";
			productName = "Corona Clicker";
			productReference = 56CD255F2421931800D00880 /* Corona Clicker.app */;
			productType = "com.apple.product-type.application";
		};
/* End PBXNativeTarget section */

/* Begin PBXProject section */
		56CD25572421931800D00880 /* Project object */ = {
			isa = PBXProject;
			attributes = {
				LastSwiftUpdateCheck = 1130;
				LastUpgradeCheck = 1130;
				ORGANIZATIONNAME = Georg;
				TargetAttributes = {
					56CD255E2421931800D00880 = {
						CreatedOnToolsVersion = 11.3.1;
					};
				};
			};
			buildConfigurationList = 56CD255A2421931800D00880 /* Build configuration list for PBXProject "Corona Clicker" */;
			compatibilityVersion = "Xcode 9.3";
			developmentRegion = en;
			hasScannedForEncodings = 0;
			knownRegions = (
				en,
				Base,
			);
			mainGroup = 56CD25562421931800D00880;
			productRefGroup = 56CD25602421931800D00880 /* Products */;
			projectDirPath = "";
			projectRoot = "";
			targets = (
				56CD255E2421931800D00880 /* Corona Clicker */,
			);
		};
/* End PBXProject section */

/* Begin PBXResourcesBuildPhase section */
		56CD255D2421931800D00880 /* Resources */ = {
			isa = PBXResourcesBuildPhase;
			buildActionMask = 2147483647;
			files = (
				56CD256F2421931B00D00880 /* LaunchScreen.storyboard in Resources */,
				56CD256C2421931B00D00880 /* Assets.xcassets in Resources */,
				56CD256A2421931800D00880 /* Main.storyboard in Resources */,
				56E4696B242541BB00C0D6FD /* Bungee-Regular.otf in Resources */,
			);
			runOnlyForDeploymentPostprocessing = 0;
		};
/* End PBXResourcesBuildPhase section */

/* Begin PBXShellScriptBuildPhase section */
		6090FF0E2C268B4469A3CBBE /* [CP] Check Pods Manifest.lock */ = {
			isa = PBXShellScriptBuildPhase;
			buildActionMask = 2147483647;
			files = (
			);
			inputFileListPaths = (
			);
			inputPaths = (
				"${PODS_PODFILE_DIR_PATH}/Podfile.lock",
				"${PODS_ROOT}/Manifest.lock",
			);
			name = "[CP] Check Pods Manifest.lock";
			outputFileListPaths = (
			);
			outputPaths = (
				"$(DERIVED_FILE_DIR)/Pods-Corona Clicker-checkManifestLockResult.txt",
			);
			runOnlyForDeploymentPostprocessing = 0;
			shellPath = /bin/sh;
			shellScript = "diff \"${PODS_PODFILE_DIR_PATH}/Podfile.lock\" \"${PODS_ROOT}/Manifest.lock\" > /dev/null\nif [ $? != 0 ] ; then\n    # print error to STDERR\n    echo \"error: The sandbox is not in sync with the Podfile.lock. Run 'pod install' or update your CocoaPods installation.\" >&2\n    exit 1\nfi\n# This output is used by Xcode 'outputs' to avoid re-running this script phase.\necho \"SUCCESS\" > \"${SCRIPT_OUTPUT_FILE_0}\"\n";
			showEnvVarsInLog = 0;
		};
		ED5CE54D5A5C59EFE79F88F2 /* [CP] Embed Pods Frameworks */ = {
			isa = PBXShellScriptBuildPhase;
			buildActionMask = 2147483647;
			files = (
			);
			inputFileListPaths = (
				"${PODS_ROOT}/Target Support Files/Pods-Corona Clicker/Pods-Corona Clicker-frameworks-${CONFIGURATION}-input-files.xcfilelist",
			);
			name = "[CP] Embed Pods Frameworks";
			outputFileListPaths = (
				"${PODS_ROOT}/Target Support Files/Pods-Corona Clicker/Pods-Corona Clicker-frameworks-${CONFIGURATION}-output-files.xcfilelist",
			);
			runOnlyForDeploymentPostprocessing = 0;
			shellPath = /bin/sh;
			shellScript = "\"${PODS_ROOT}/Target Support Files/Pods-Corona Clicker/Pods-Corona Clicker-frameworks.sh\"\n";
			showEnvVarsInLog = 0;
		};
/* End PBXShellScriptBuildPhase section */

/* Begin PBXSourcesBuildPhase section */
		56CD255B2421931800D00880 /* Sources */ = {
			isa = PBXSourcesBuildPhase;
			buildActionMask = 2147483647;
			files = (
				56CD25632421931800D00880 /* AppDelegate.swift in Sources */,
				569B054A242BFFA300096E43 /* RealmService.swift in Sources */,
				56CD25652421931800D00880 /* SceneDelegate.swift in Sources */,
				56F018AC2422856E00A816B0 /* UILabelExtension.swift in Sources */,
				56E469672424EE2100C0D6FD /* AlertView.swift in Sources */,
				56970CCC24267E210023246D /* ItemCell.swift in Sources */,
				5696D93B24267CBE007AC9C1 /* TVCCell.swift in Sources */,
				0322032624242C3D0080145E /* UIProgressViewExtension.swift in Sources */,
				56F018A32422273E00A816B0 /* GameVC.swift in Sources */,
				56DC560924242C20003D411A /* UIButton.swift in Sources */,
				03181A2E2426B1EC005343C4 /* DataService.swift in Sources */,
				56C608202426806500F106E0 /* Item.swift in Sources */,
				56DC560D24243BE3003D411A /* MenuVC.swift in Sources */,
				569B0548242BF98000096E43 /* Database.swift in Sources */,
				5679DC0C24228D8A00965598 /* UIImageViewExtension.swift in Sources */,
				561843DE242C2CF700D1CC97 /* GameVC+UI.swift in Sources */,
				03181A32242953DB005343C4 /* PurchaseVC.swift in Sources */,
				561A166C242965C400ECB5ED /* RadialGradient.swift in Sources */,
				56DC560B24243A9D003D411A /* UIViewExtension.swift in Sources */,
				56E469692424F52A00C0D6FD /* UIVCExtension.swift in Sources */,
				5696D93924267CAA007AC9C1 /* TitleCell.swift in Sources */,
				56F018A524222B2500A816B0 /* Base.swift in Sources */,
				5646CEAB24267292001A6CC9 /* CustomizeTVC.swift in Sources */,
			);
			runOnlyForDeploymentPostprocessing = 0;
		};
/* End PBXSourcesBuildPhase section */

/* Begin PBXVariantGroup section */
		56CD25682421931800D00880 /* Main.storyboard */ = {
			isa = PBXVariantGroup;
			children = (
				56CD25692421931800D00880 /* Base */,
			);
			name = Main.storyboard;
			sourceTree = "<group>";
		};
		56CD256D2421931B00D00880 /* LaunchScreen.storyboard */ = {
			isa = PBXVariantGroup;
			children = (
				56CD256E2421931B00D00880 /* Base */,
			);
			name = LaunchScreen.storyboard;
			sourceTree = "<group>";
		};
/* End PBXVariantGroup section */

/* Begin XCBuildConfiguration section */
		56CD25712421931B00D00880 /* Debug */ = {
			isa = XCBuildConfiguration;
			buildSettings = {
				ALWAYS_SEARCH_USER_PATHS = NO;
				CLANG_ANALYZER_NONNULL = YES;
				CLANG_ANALYZER_NUMBER_OBJECT_CONVERSION = YES_AGGRESSIVE;
				CLANG_CXX_LANGUAGE_STANDARD = "gnu++14";
				CLANG_CXX_LIBRARY = "libc++";
				CLANG_ENABLE_MODULES = YES;
				CLANG_ENABLE_OBJC_ARC = YES;
				CLANG_ENABLE_OBJC_WEAK = YES;
				CLANG_WARN_BLOCK_CAPTURE_AUTORELEASING = YES;
				CLANG_WARN_BOOL_CONVERSION = YES;
				CLANG_WARN_COMMA = YES;
				CLANG_WARN_CONSTANT_CONVERSION = YES;
				CLANG_WARN_DEPRECATED_OBJC_IMPLEMENTATIONS = YES;
				CLANG_WARN_DIRECT_OBJC_ISA_USAGE = YES_ERROR;
				CLANG_WARN_DOCUMENTATION_COMMENTS = YES;
				CLANG_WARN_EMPTY_BODY = YES;
				CLANG_WARN_ENUM_CONVERSION = YES;
				CLANG_WARN_INFINITE_RECURSION = YES;
				CLANG_WARN_INT_CONVERSION = YES;
				CLANG_WARN_NON_LITERAL_NULL_CONVERSION = YES;
				CLANG_WARN_OBJC_IMPLICIT_RETAIN_SELF = YES;
				CLANG_WARN_OBJC_LITERAL_CONVERSION = YES;
				CLANG_WARN_OBJC_ROOT_CLASS = YES_ERROR;
				CLANG_WARN_RANGE_LOOP_ANALYSIS = YES;
				CLANG_WARN_STRICT_PROTOTYPES = YES;
				CLANG_WARN_SUSPICIOUS_MOVE = YES;
				CLANG_WARN_UNGUARDED_AVAILABILITY = YES_AGGRESSIVE;
				CLANG_WARN_UNREACHABLE_CODE = YES;
				CLANG_WARN__DUPLICATE_METHOD_MATCH = YES;
				COPY_PHASE_STRIP = NO;
				DEBUG_INFORMATION_FORMAT = dwarf;
				ENABLE_STRICT_OBJC_MSGSEND = YES;
				ENABLE_TESTABILITY = YES;
				GCC_C_LANGUAGE_STANDARD = gnu11;
				GCC_DYNAMIC_NO_PIC = NO;
				GCC_NO_COMMON_BLOCKS = YES;
				GCC_OPTIMIZATION_LEVEL = 0;
				GCC_PREPROCESSOR_DEFINITIONS = (
					"DEBUG=1",
					"$(inherited)",
				);
				GCC_WARN_64_TO_32_BIT_CONVERSION = YES;
				GCC_WARN_ABOUT_RETURN_TYPE = YES_ERROR;
				GCC_WARN_UNDECLARED_SELECTOR = YES;
				GCC_WARN_UNINITIALIZED_AUTOS = YES_AGGRESSIVE;
				GCC_WARN_UNUSED_FUNCTION = YES;
				GCC_WARN_UNUSED_VARIABLE = YES;
				IPHONEOS_DEPLOYMENT_TARGET = 13.2;
				MTL_ENABLE_DEBUG_INFO = INCLUDE_SOURCE;
				MTL_FAST_MATH = YES;
				ONLY_ACTIVE_ARCH = YES;
				SDKROOT = iphoneos;
				SWIFT_ACTIVE_COMPILATION_CONDITIONS = DEBUG;
				SWIFT_OPTIMIZATION_LEVEL = "-Onone";
			};
			name = Debug;
		};
		56CD25722421931B00D00880 /* Release */ = {
			isa = XCBuildConfiguration;
			buildSettings = {
				ALWAYS_SEARCH_USER_PATHS = NO;
				CLANG_ANALYZER_NONNULL = YES;
				CLANG_ANALYZER_NUMBER_OBJECT_CONVERSION = YES_AGGRESSIVE;
				CLANG_CXX_LANGUAGE_STANDARD = "gnu++14";
				CLANG_CXX_LIBRARY = "libc++";
				CLANG_ENABLE_MODULES = YES;
				CLANG_ENABLE_OBJC_ARC = YES;
				CLANG_ENABLE_OBJC_WEAK = YES;
				CLANG_WARN_BLOCK_CAPTURE_AUTORELEASING = YES;
				CLANG_WARN_BOOL_CONVERSION = YES;
				CLANG_WARN_COMMA = YES;
				CLANG_WARN_CONSTANT_CONVERSION = YES;
				CLANG_WARN_DEPRECATED_OBJC_IMPLEMENTATIONS = YES;
				CLANG_WARN_DIRECT_OBJC_ISA_USAGE = YES_ERROR;
				CLANG_WARN_DOCUMENTATION_COMMENTS = YES;
				CLANG_WARN_EMPTY_BODY = YES;
				CLANG_WARN_ENUM_CONVERSION = YES;
				CLANG_WARN_INFINITE_RECURSION = YES;
				CLANG_WARN_INT_CONVERSION = YES;
				CLANG_WARN_NON_LITERAL_NULL_CONVERSION = YES;
				CLANG_WARN_OBJC_IMPLICIT_RETAIN_SELF = YES;
				CLANG_WARN_OBJC_LITERAL_CONVERSION = YES;
				CLANG_WARN_OBJC_ROOT_CLASS = YES_ERROR;
				CLANG_WARN_RANGE_LOOP_ANALYSIS = YES;
				CLANG_WARN_STRICT_PROTOTYPES = YES;
				CLANG_WARN_SUSPICIOUS_MOVE = YES;
				CLANG_WARN_UNGUARDED_AVAILABILITY = YES_AGGRESSIVE;
				CLANG_WARN_UNREACHABLE_CODE = YES;
				CLANG_WARN__DUPLICATE_METHOD_MATCH = YES;
				COPY_PHASE_STRIP = NO;
				DEBUG_INFORMATION_FORMAT = "dwarf-with-dsym";
				ENABLE_NS_ASSERTIONS = NO;
				ENABLE_STRICT_OBJC_MSGSEND = YES;
				GCC_C_LANGUAGE_STANDARD = gnu11;
				GCC_NO_COMMON_BLOCKS = YES;
				GCC_WARN_64_TO_32_BIT_CONVERSION = YES;
				GCC_WARN_ABOUT_RETURN_TYPE = YES_ERROR;
				GCC_WARN_UNDECLARED_SELECTOR = YES;
				GCC_WARN_UNINITIALIZED_AUTOS = YES_AGGRESSIVE;
				GCC_WARN_UNUSED_FUNCTION = YES;
				GCC_WARN_UNUSED_VARIABLE = YES;
				IPHONEOS_DEPLOYMENT_TARGET = 13.2;
				MTL_ENABLE_DEBUG_INFO = NO;
				MTL_FAST_MATH = YES;
				SDKROOT = iphoneos;
				SWIFT_COMPILATION_MODE = wholemodule;
				SWIFT_OPTIMIZATION_LEVEL = "-O";
				VALIDATE_PRODUCT = YES;
			};
			name = Release;
		};
		56CD25742421931B00D00880 /* Debug */ = {
			isa = XCBuildConfiguration;
			baseConfigurationReference = 8D981B07557175238D1559A4 /* Pods-Corona Clicker.debug.xcconfig */;
			buildSettings = {
				ASSETCATALOG_COMPILER_APPICON_NAME = AppIcon;
				CODE_SIGN_STYLE = Automatic;
				DEVELOPMENT_TEAM = 4ZLBWEC93L;
				INFOPLIST_FILE = "Corona Clicker/Info.plist";
				LD_RUNPATH_SEARCH_PATHS = (
					"$(inherited)",
					"@executable_path/Frameworks",
				);
				PRODUCT_BUNDLE_IDENTIFIER = "georgefed.Corona-Clicker";
				PRODUCT_NAME = "$(TARGET_NAME)";
				SWIFT_VERSION = 5.0;
				TARGETED_DEVICE_FAMILY = 1;
			};
			name = Debug;
		};
		56CD25752421931B00D00880 /* Release */ = {
			isa = XCBuildConfiguration;
			baseConfigurationReference = D096470B39B94718C0A7E643 /* Pods-Corona Clicker.release.xcconfig */;
			buildSettings = {
				ASSETCATALOG_COMPILER_APPICON_NAME = AppIcon;
				CODE_SIGN_STYLE = Automatic;
				DEVELOPMENT_TEAM = 4ZLBWEC93L;
				INFOPLIST_FILE = "Corona Clicker/Info.plist";
				LD_RUNPATH_SEARCH_PATHS = (
					"$(inherited)",
					"@executable_path/Frameworks",
				);
				PRODUCT_BUNDLE_IDENTIFIER = "georgefed.Corona-Clicker";
				PRODUCT_NAME = "$(TARGET_NAME)";
				SWIFT_VERSION = 5.0;
				TARGETED_DEVICE_FAMILY = 1;
			};
			name = Release;
		};
/* End XCBuildConfiguration section */

/* Begin XCConfigurationList section */
		56CD255A2421931800D00880 /* Build configuration list for PBXProject "Corona Clicker" */ = {
			isa = XCConfigurationList;
			buildConfigurations = (
				56CD25712421931B00D00880 /* Debug */,
				56CD25722421931B00D00880 /* Release */,
			);
			defaultConfigurationIsVisible = 0;
			defaultConfigurationName = Release;
		};
		56CD25732421931B00D00880 /* Build configuration list for PBXNativeTarget "Corona Clicker" */ = {
			isa = XCConfigurationList;
			buildConfigurations = (
				56CD25742421931B00D00880 /* Debug */,
				56CD25752421931B00D00880 /* Release */,
			);
			defaultConfigurationIsVisible = 0;
			defaultConfigurationName = Release;
		};
/* End XCConfigurationList section */
	};
	rootObject = 56CD25572421931800D00880 /* Project object */;
}
